<Solution>
  <Folder Name="/Task0/">
    <Project Path="Tyuiu.KozyrevaIV.Sprint0.Task0.V0/Tyuiu.KozyrevaIV.Sprint0.Task0.V0.csproj" />
  </Folder>
  <Folder Name="/Task1/">
    <Project Path="Tyuiu.KozyrevaIV.Sprint0.Task1.V0/Tyuiu.KozyrevaIV.Sprint0.Task1.V0.csproj" Id="16593579-e67b-4909-8c6f-120671b80370" />
  </Folder>
  <Folder Name="/Task2/">
    <Project Path="Tyuiu.KozyrevaIV.Sprint0.Task2.V0.Lib/Tyuiu.KozyrevaIV.Sprint0.Task2.V0.Lib.csproj" Id="cfc60d2d-d583-4dd5-b8cb-205dd3a8b743" />
    <Project Path="Tyuiu.KozyrevaIV.Sprint0.Task2.V0.Test/Tyuiu.KozyrevaIV.Sprint0.Task2.V0.Test.csproj" Id="d06733dc-75b3-4a9f-8d9f-cd0bec57ee82" />
    <Project Path="Tyuiu.KozyrevaIV.Sprint0.Task2.V0/Tyuiu.KozyrevaIV.Sprint0.Task2.V0.csproj" Id="65189f5c-633d-41b2-af19-10462d5f7f22" />
  </Folder>
  <Folder Name="/Task3/">
    <Project Path="Tyuiu.KozyrevaIV.Sprint0.Task3.V0.Lib/Tyuiu.KozyrevaIV.Sprint0.Task3.V0.Lib.csproj" Id="85b5c0c9-94a4-42cf-8048-9cf99d96c9d4" />
    <Project Path="Tyuiu.KozyrevaIV.Sprint0.Task3.V0.Test/Tyuiu.KozyrevaIV.Sprint0.Task3.V0.Test.csproj" Id="e977bf94-c7db-48e9-a5ac-39172c203d8e" />
    <Project Path="Tyuiu.KozyrevaIV.Sprint0.Task3.V0/Tyuiu.KozyrevaIV.Sprint0.Task3.V0.csproj" Id="537a9e03-2dc1-4722-91e2-97aa24e473be" />
  </Folder>
  <Folder Name="/Task4/">
    <Project Path="Tyuiu.KozyrevaIV.Sprint0.Task4.V0.Lib/Tyuiu.KozyrevaIV.Sprint0.Task4.V0.Lib.csproj" Id="6e5b4940-cc3e-414b-9aef-2d17db1b2b92" />
    <Project Path="Tyuiu.KozyrevaIV.Sprint0.Task4.V0.Test/Tyuiu.KozyrevaIV.Sprint0.Task4.V0.Test.csproj" Id="60a8ee56-3e40-4eb9-8dbd-5cb94a327caa" />
    <Project Path="Tyuiu.KozyrevaIV.Sprint0.Task4.V0/Tyuiu.KozyrevaIV.Sprint0.Task4.V0.csproj" Id="12d32bde-732b-4f78-a094-ade423c8af80" />
  </Folder>
  <Folder Name="/Task5/">
    <Project Path="Tyuiu.KozyrevaIV.Sprint0.Task5.V0.Lib/Tyuiu.KozyrevaIV.Sprint0.Task5.V0.Lib.csproj" Id="1f4eb802-97c9-4b8d-ad77-500daf234f46" />
    <Project Path="Tyuiu.KozyrevaIV.Sprint0.Task5.V0.Test/Tyuiu.KozyrevaIV.Sprint0.Task5.V0.Test.csproj" Id="f2f77223-ff8e-4c8b-bd78-0996ae239b88" />
    <Project Path="Tyuiu.KozyrevaIV.Sprint0.Task5.V0/Tyuiu.KozyrevaIV.Sprint0.Task5.V0.csproj" Id="23286799-2e0a-416e-b88d-d90a5a12c6a8" />
  </Folder>
  <Folder Name="/Task6/">
    <Project Path="Tyuiu.KozyrevaIV.Sprint0.Task6.V0.Lib/Tyuiu.KozyrevaIV.Sprint0.Task6.V0.Lib.csproj" Id="e0dde73e-d539-485d-a518-0fb9f4821518" />
    <Project Path="Tyuiu.KozyrevaIV.Sprint0.Task6.V0.Test/Tyuiu.KozyrevaIV.Sprint0.Task6.V0.Test.csproj" Id="0f13b5f9-a994-41fe-ad9d-c17679717ce0" />
    <Project Path="Tyuiu.KozyrevaIV.Sprint0.Task6.V0/Tyuiu.KozyrevaIV.Sprint0.Task6.V0.csproj" Id="f73fa792-a097-4185-aa19-1341c814e6fd" />
  </Folder>
  <Folder Name="/Task7/">
    <Project Path="Tyuiu.KozyrevaIV.Sprint0.Task7.V0.Lib/Tyuiu.KozyrevaIV.Sprint0.Task7.V0.Lib.csproj" Id="4d5c5f5f-a465-4481-9411-fc59d839e736" />
    <Project Path="Tyuiu.KozyrevaIV.Sprint0.Task7.V0.Test/Tyuiu.KozyrevaIV.Sprint0.Task7.V0.Test.csproj" Id="c4a4de6b-f069-4362-8ca6-0957a1da30f9" />
    <Project Path="Tyuiu.KozyrevaIV.Sprint0.Task7.V0/Tyuiu.KozyrevaIV.Sprint0.Task7.V0.csproj" Id="ea097ac9-0bb8-4160-81a7-f3d28459d3bd" />
  </Folder>
</Solution>
