<Solution>
  <Folder Name="/Task0/">
    <Project Path="Tyuiu.KozyrevaIV.Sprint0.Task0.V0/Tyuiu.KozyrevaIV.Sprint0.Task0.V0.csproj" />
  </Folder>
  <Folder Name="/Task1/">
    <Project Path="Tyuiu.KozyrevaIV.Sprint0.Task1.V0/Tyuiu.KozyrevaIV.Sprint0.Task1.V0.csproj" Id="16593579-e67b-4909-8c6f-120671b80370" />
  </Folder>
  <Folder Name="/Task2/">
    <Project Path="Tyuiu.KozyrevaIV.Sprint0.Task2.V0.Lib/Tyuiu.KozyrevaIV.Sprint0.Task2.V0.Lib.csproj" Id="cfc60d2d-d583-4dd5-b8cb-205dd3a8b743" />
    <Project Path="Tyuiu.KozyrevaIV.Sprint0.Task2.V0.Test/Tyuiu.KozyrevaIV.Sprint0.Task2.V0.Test.csproj" Id="d06733dc-75b3-4a9f-8d9f-cd0bec57ee82" />
    <Project Path="Tyuiu.KozyrevaIV.Sprint0.Task2.V0/Tyuiu.KozyrevaIV.Sprint0.Task2.V0.csproj" Id="65189f5c-633d-41b2-af19-10462d5f7f22" />
  </Folder>
  <Folder Name="/Task3/">
    <Project Path="Tyuiu.KozyrevaIV.Sprint0.Task3.V0.Lib/Tyuiu.KozyrevaIV.Sprint0.Task3.V0.Lib.csproj" Id="85b5c0c9-94a4-42cf-8048-9cf99d96c9d4" />
    <Project Path="Tyuiu.KozyrevaIV.Sprint0.Task3.V0.Test/Tyuiu.KozyrevaIV.Sprint0.Task3.V0.Test.csproj" Id="e977bf94-c7db-48e9-a5ac-39172c203d8e" />
    <Project Path="Tyuiu.KozyrevaIV.Sprint0.Task3.V0/Tyuiu.KozyrevaIV.Sprint0.Task3.V0.csproj" Id="537a9e03-2dc1-4722-91e2-97aa24e473be" />
  </Folder>
  <Folder Name="/Task4/">
    <Project Path="Tyuiu.KozyrevaIV.Sprint0.Task4.V0.Lib/Tyuiu.KozyrevaIV.Sprint0.Task4.V0.Lib.csproj" Id="6e5b4940-cc3e-414b-9aef-2d17db1b2b92" />
    <Project Path="Tyuiu.KozyrevaIV.Sprint0.Task4.V0.Test/Tyuiu.KozyrevaIV.Sprint0.Task4.V0.Test.csproj" Id="60a8ee56-3e40-4eb9-8dbd-5cb94a327caa" />
    <Project Path="Tyuiu.KozyrevaIV.Sprint0.Task4.V0/Tyuiu.KozyrevaIV.Sprint0.Task4.V0.csproj" Id="12d32bde-732b-4f78-a094-ade423c8af80" />
  </Folder>
</Solution>
